
Microsoft Visual Studio Solution File, Format Version 12.00
# Visual Studio Version 17
VisualStudioVersion = 17.5.33424.131
MinimumVisualStudioVersion = 10.0.40219.1
Project("{FAE04EC0-301F-11D3-BF4B-00C04F79EFBC}") = "secretgarden1", "secretgarden1\secretgarden1.csproj", "{5EA1D922-3A1B-4FA3-A984-EABFFB6EB576}"
EndProject
Global
	GlobalSection(SolutionConfigurationPlatforms) = preSolution
		Debug|Any CPU = Debug|Any CPU
		Release|Any CPU = Release|Any CPU
	EndGlobalSection
	GlobalSection(ProjectConfigurationPlatforms) = postSolution
		{5EA1D922-3A1B-4FA3-A984-EABFFB6EB576}.Debug|Any CPU.ActiveCfg = Debug|Any CPU
		{5EA1D922-3A1B-4FA3-A984-EABFFB6EB576}.Debug|Any CPU.Build.0 = Debug|Any CPU
		{5EA1D922-3A1B-4FA3-A984-EABFFB6EB576}.Release|Any CPU.ActiveCfg = Release|Any CPU
		{5EA1D922-3A1B-4FA3-A984-EABFFB6EB576}.Release|Any CPU.Build.0 = Release|Any CPU
	EndGlobalSection
	GlobalSection(SolutionProperties) = preSolution
		HideSolutionNode = FALSE
	EndGlobalSection
	GlobalSection(ExtensibilityGlobals) = postSolution
		SolutionGuid = {E2C951D4-75FE-4672-A106-D1329203C722}
	EndGlobalSection
EndGlobal
